
Microsoft Visual Studio Solution File, Format Version 12.00
# Visual Studio 15
VisualStudioVersion = 15.0.26430.12
MinimumVisualStudioVersion = 10.0.40219.1
Project("{8BC9CEB8-8B4A-11D0-8D11-00A0C91BC942}") = "lib", "lib\lib.vcxproj", "{A9209538-B54E-4167-A687-152FD149274F}"
EndProject
Project("{8BC9CEB8-8B4A-11D0-8D11-00A0C91BC942}") = "test_dx_enumerate", "test_dx_enumerate\test_dx_enumerate.vcxproj", "{FC62A07D-554B-4CEC-96D7-68FF8552FA83}"
EndProject
Project("{8BC9CEB8-8B4A-11D0-8D11-00A0C91BC942}") = "test_window", "test_window\test_window.vcxproj", "{2DDBA619-C49A-4D14-9462-50393BBCB467}"
EndProject
Project("{8BC9CEB8-8B4A-11D0-8D11-00A0C91BC942}") = "simple_drawing_demo", "simple_drawing_demo\simple_drawing_demo.vcxproj", "{DB6FF7CA-5038-412B-A5A6-951C282F6CF8}"
EndProject
Project("{2150E333-8FDC-42A3-9474-1A3956D46DE8}") = "Solution Items", "Solution Items", "{04DF5751-A024-4D22-BF8B-DBA2F1876B8A}"
	ProjectSection(SolutionItems) = preProject
		TODO.txt = TODO.txt
	EndProjectSection
EndProject
Global
	GlobalSection(SolutionConfigurationPlatforms) = preSolution
		Debug|x64 = Debug|x64
		Debug|x86 = Debug|x86
		Release|x64 = Release|x64
		Release|x86 = Release|x86
	EndGlobalSection
	GlobalSection(ProjectConfigurationPlatforms) = postSolution
		{A9209538-B54E-4167-A687-152FD149274F}.Debug|x64.ActiveCfg = Debug|x64
		{A9209538-B54E-4167-A687-152FD149274F}.Debug|x64.Build.0 = Debug|x64
		{A9209538-B54E-4167-A687-152FD149274F}.Debug|x86.ActiveCfg = Debug|Win32
		{A9209538-B54E-4167-A687-152FD149274F}.Debug|x86.Build.0 = Debug|Win32
		{A9209538-B54E-4167-A687-152FD149274F}.Release|x64.ActiveCfg = Release|x64
		{A9209538-B54E-4167-A687-152FD149274F}.Release|x64.Build.0 = Release|x64
		{A9209538-B54E-4167-A687-152FD149274F}.Release|x86.ActiveCfg = Release|Win32
		{A9209538-B54E-4167-A687-152FD149274F}.Release|x86.Build.0 = Release|Win32
		{FC62A07D-554B-4CEC-96D7-68FF8552FA83}.Debug|x64.ActiveCfg = Debug|x64
		{FC62A07D-554B-4CEC-96D7-68FF8552FA83}.Debug|x64.Build.0 = Debug|x64
		{FC62A07D-554B-4CEC-96D7-68FF8552FA83}.Debug|x86.ActiveCfg = Debug|Win32
		{FC62A07D-554B-4CEC-96D7-68FF8552FA83}.Debug|x86.Build.0 = Debug|Win32
		{FC62A07D-554B-4CEC-96D7-68FF8552FA83}.Release|x64.ActiveCfg = Release|x64
		{FC62A07D-554B-4CEC-96D7-68FF8552FA83}.Release|x64.Build.0 = Release|x64
		{FC62A07D-554B-4CEC-96D7-68FF8552FA83}.Release|x86.ActiveCfg = Release|Win32
		{FC62A07D-554B-4CEC-96D7-68FF8552FA83}.Release|x86.Build.0 = Release|Win32
		{2DDBA619-C49A-4D14-9462-50393BBCB467}.Debug|x64.ActiveCfg = Debug|x64
		{2DDBA619-C49A-4D14-9462-50393BBCB467}.Debug|x64.Build.0 = Debug|x64
		{2DDBA619-C49A-4D14-9462-50393BBCB467}.Debug|x86.ActiveCfg = Debug|Win32
		{2DDBA619-C49A-4D14-9462-50393BBCB467}.Debug|x86.Build.0 = Debug|Win32
		{2DDBA619-C49A-4D14-9462-50393BBCB467}.Release|x64.ActiveCfg = Release|x64
		{2DDBA619-C49A-4D14-9462-50393BBCB467}.Release|x64.Build.0 = Release|x64
		{2DDBA619-C49A-4D14-9462-50393BBCB467}.Release|x86.ActiveCfg = Release|Win32
		{2DDBA619-C49A-4D14-9462-50393BBCB467}.Release|x86.Build.0 = Release|Win32
		{DB6FF7CA-5038-412B-A5A6-951C282F6CF8}.Debug|x64.ActiveCfg = Debug|x64
		{DB6FF7CA-5038-412B-A5A6-951C282F6CF8}.Debug|x64.Build.0 = Debug|x64
		{DB6FF7CA-5038-412B-A5A6-951C282F6CF8}.Debug|x86.ActiveCfg = Debug|Win32
		{DB6FF7CA-5038-412B-A5A6-951C282F6CF8}.Debug|x86.Build.0 = Debug|Win32
		{DB6FF7CA-5038-412B-A5A6-951C282F6CF8}.Release|x64.ActiveCfg = Release|x64
		{DB6FF7CA-5038-412B-A5A6-951C282F6CF8}.Release|x64.Build.0 = Release|x64
		{DB6FF7CA-5038-412B-A5A6-951C282F6CF8}.Release|x86.ActiveCfg = Release|Win32
		{DB6FF7CA-5038-412B-A5A6-951C282F6CF8}.Release|x86.Build.0 = Release|Win32
	EndGlobalSection
	GlobalSection(SolutionProperties) = preSolution
		HideSolutionNode = FALSE
	EndGlobalSection
EndGlobal
